<?xml version="1.0" encoding="utf-8"?>
<Project ToolsVersion="4.0" xmlns="http://schemas.microsoft.com/developer/msbuild/2003">
  <ItemGroup>
    <Filter Include="Source Files">
      <UniqueIdentifier>{4FC737F1-C7A5-4376-A066-2A32D752A2FF}</UniqueIdentifier>
      <Extensions>cpp;c;cc;cxx;c++;cppm;ixx;def;odl;idl;hpj;bat;asm;asmx</Extensions>
    </Filter>
    <Filter Include="Header Files">
      <UniqueIdentifier>{93995380-89BD-4b04-88EB-625FBE52EBFB}</UniqueIdentifier>
      <Extensions>h;hh;hpp;hxx;h++;hm;inl;inc;ipp;xsd</Extensions>
    </Filter>
    <Filter Include="Resource Files">
      <UniqueIdentifier>{67DA6AB6-F800-4c08-8B7A-83BB121AAD01}</UniqueIdentifier>
      <Extensions>rc;ico;cur;bmp;dlg;rc2;rct;bin;rgs;gif;jpg;jpeg;jpe;resx;tiff;tif;png;wav;mfcribbon-ms</Extensions>
    </Filter>
  </ItemGroup>
  <ItemGroup>
    <ClInclude Include="framework.h">
      <Filter>Header Files</Filter>
    </ClInclude>
    <ClInclude Include="pch.h">
      <Filter>Header Files</Filter>
    </ClInclude>
    <ClInclude Include="Algorithms.h">
      <Filter>Header Files</Filter>
    </ClInclude>
    <ClInclude Include="Concurrent.h">
      <Filter>Header Files</Filter>
    </ClInclude>
    <ClInclude Include="Concurrent_Control.h">
      <Filter>Header Files</Filter>
    </ClInclude>
    <ClInclude Include="ConcurrentQue_Server_Framework.h">
      <Filter>Header Files</Filter>
    </ClInclude>
    <ClInclude Include="ConcurrentQue_Server_Global.h">
      <Filter>Header Files</Filter>
    </ClInclude>
    <ClInclude Include="ConcurrentQue_Server_LaunchConcurrency.h">
      <Filter>Header Files</Filter>
    </ClInclude>
    <ClInclude Include="ConcurrentQue_Server_LaunchConcurrency_Control.h">
      <Filter>Header Files</Filter>
    </ClInclude>
    <ClInclude Include="Data.h">
      <Filter>Header Files</Filter>
    </ClInclude>
    <ClInclude Include="Data_Control.h">
      <Filter>Header Files</Filter>
    </ClInclude>
    <ClInclude Include="Execute.h">
      <Filter>Header Files</Filter>
    </ClInclude>
    <ClInclude Include="Execute_Control.h">
      <Filter>Header Files</Filter>
    </ClInclude>
    <ClInclude Include="Framework_Server.h">
      <Filter>Header Files</Filter>
    </ClInclude>
    <ClInclude Include="Global.h">
      <Filter>Header Files</Filter>
    </ClInclude>
    <ClInclude Include="Input.h">
      <Filter>Header Files</Filter>
    </ClInclude>
    <ClInclude Include="Input_Control.h">
      <Filter>Header Files</Filter>
    </ClInclude>
    <ClInclude Include="Output.h">
      <Filter>Header Files</Filter>
    </ClInclude>
    <ClInclude Include="Output_Control.h">
      <Filter>Header Files</Filter>
    </ClInclude>
    <ClInclude Include="Praise0_Algorithm.h">
      <Filter>Header Files</Filter>
    </ClInclude>
    <ClInclude Include="Praise0_Input.h">
      <Filter>Header Files</Filter>
    </ClInclude>
    <ClInclude Include="Praise0_Output.h">
      <Filter>Header Files</Filter>
    </ClInclude>
    <ClInclude Include="Praise1_Algorithm.h">
      <Filter>Header Files</Filter>
    </ClInclude>
    <ClInclude Include="Praise1_Input.h">
      <Filter>Header Files</Filter>
    </ClInclude>
    <ClInclude Include="Praise1_Output.h">
      <Filter>Header Files</Filter>
    </ClInclude>
    <ClInclude Include="Praise2_Algorithm.h">
      <Filter>Header Files</Filter>
    </ClInclude>
    <ClInclude Include="Praise2_Input.h">
      <Filter>Header Files</Filter>
    </ClInclude>
    <ClInclude Include="Praise2_Output.h">
      <Filter>Header Files</Filter>
    </ClInclude>
    <ClInclude Include="Server.h">
      <Filter>Header Files</Filter>
    </ClInclude>
    <ClInclude Include="User_Alg.h">
      <Filter>Header Files</Filter>
    </ClInclude>
    <ClInclude Include="User_I.h">
      <Filter>Header Files</Filter>
    </ClInclude>
    <ClInclude Include="User_O.h">
      <Filter>Header Files</Filter>
    </ClInclude>
    <ClInclude Include="WriteEnable_Stack_Server_InputAction.h">
      <Filter>Header Files</Filter>
    </ClInclude>
    <ClInclude Include="WriteEnable_Stack_Server_InputAction_Control.h">
      <Filter>Header Files</Filter>
    </ClInclude>
    <ClInclude Include="WriteEnable_Stack_Server_InputAction_Framework.h">
      <Filter>Header Files</Filter>
    </ClInclude>
    <ClInclude Include="WriteEnable_Stack_Server_InputAction_Global.h">
      <Filter>Header Files</Filter>
    </ClInclude>
    <ClInclude Include="WriteEnable_Stack_Server_OutputRecieve.h">
      <Filter>Header Files</Filter>
    </ClInclude>
    <ClInclude Include="WriteEnable_Stack_Server_OutputRecieve_Control.h">
      <Filter>Header Files</Filter>
    </ClInclude>
    <ClInclude Include="WriteEnable_Stack_Server_OutputRecieve_Framework.h">
      <Filter>Header Files</Filter>
    </ClInclude>
    <ClInclude Include="WriteEnable_Stack_Server_OutputRecieve_Global.h">
      <Filter>Header Files</Filter>
    </ClInclude>
  </ItemGroup>
  <ItemGroup>
    <ClCompile Include="dllmain.cpp">
      <Filter>Source Files</Filter>
    </ClCompile>
    <ClCompile Include="pch.cpp">
      <Filter>Source Files</Filter>
    </ClCompile>
    <ClCompile Include="Algorithms.cpp">
      <Filter>Source Files</Filter>
    </ClCompile>
    <ClCompile Include="Concurrent.cpp">
      <Filter>Source Files</Filter>
    </ClCompile>
    <ClCompile Include="Concurrent_Control.cpp">
      <Filter>Source Files</Filter>
    </ClCompile>
    <ClCompile Include="ConcurrentQue_Server_Framework.cpp">
      <Filter>Source Files</Filter>
    </ClCompile>
    <ClCompile Include="ConcurrentQue_Server_Global.cpp">
      <Filter>Source Files</Filter>
    </ClCompile>
    <ClCompile Include="ConcurrentQue_Server_LaunchConcurrency.cpp">
      <Filter>Source Files</Filter>
    </ClCompile>
    <ClCompile Include="ConcurrentQue_Server_LaunchConcurrency_Control.cpp">
      <Filter>Source Files</Filter>
    </ClCompile>
    <ClCompile Include="Data.cpp">
      <Filter>Source Files</Filter>
    </ClCompile>
    <ClCompile Include="Data_Control.cpp">
      <Filter>Source Files</Filter>
    </ClCompile>
    <ClCompile Include="Execute.cpp">
      <Filter>Source Files</Filter>
    </ClCompile>
    <ClCompile Include="Execute_Control.cpp">
      <Filter>Source Files</Filter>
    </ClCompile>
    <ClCompile Include="Framework_Server.cpp">
      <Filter>Source Files</Filter>
    </ClCompile>
    <ClCompile Include="Global.cpp">
      <Filter>Source Files</Filter>
    </ClCompile>
    <ClCompile Include="Input.cpp">
      <Filter>Source Files</Filter>
    </ClCompile>
    <ClCompile Include="Input_Control.cpp">
      <Filter>Source Files</Filter>
    </ClCompile>
    <ClCompile Include="Output.cpp">
      <Filter>Source Files</Filter>
    </ClCompile>
    <ClCompile Include="Output_Control.cpp">
      <Filter>Source Files</Filter>
    </ClCompile>
    <ClCompile Include="Praise0_Algorithm.cpp">
      <Filter>Source Files</Filter>
    </ClCompile>
    <ClCompile Include="Praise0_Input.cpp">
      <Filter>Source Files</Filter>
    </ClCompile>
    <ClCompile Include="Praise0_Output.cpp">
      <Filter>Source Files</Filter>
    </ClCompile>
    <ClCompile Include="Praise1_Algorithm.cpp">
      <Filter>Source Files</Filter>
    </ClCompile>
    <ClCompile Include="Praise1_Input.cpp">
      <Filter>Source Files</Filter>
    </ClCompile>
    <ClCompile Include="Praise1_Output.cpp">
      <Filter>Source Files</Filter>
    </ClCompile>
    <ClCompile Include="Praise2_Algorithm.cpp">
      <Filter>Source Files</Filter>
    </ClCompile>
    <ClCompile Include="Praise2_Input.cpp">
      <Filter>Source Files</Filter>
    </ClCompile>
    <ClCompile Include="Praise2_Output.cpp">
      <Filter>Source Files</Filter>
    </ClCompile>
    <ClCompile Include="Server.cpp">
      <Filter>Source Files</Filter>
    </ClCompile>
    <ClCompile Include="User_Alg.cpp">
      <Filter>Source Files</Filter>
    </ClCompile>
    <ClCompile Include="User_I.cpp">
      <Filter>Source Files</Filter>
    </ClCompile>
    <ClCompile Include="User_O.cpp">
      <Filter>Source Files</Filter>
    </ClCompile>
    <ClCompile Include="WriteEnable_Stack_Server_InputAction.cpp">
      <Filter>Source Files</Filter>
    </ClCompile>
    <ClCompile Include="WriteEnable_Stack_Server_InputAction_Control.cpp">
      <Filter>Source Files</Filter>
    </ClCompile>
    <ClCompile Include="WriteEnable_Stack_Server_InputAction_Framework.cpp">
      <Filter>Source Files</Filter>
    </ClCompile>
    <ClCompile Include="WriteEnable_Stack_Server_InputAction_Global.cpp">
      <Filter>Source Files</Filter>
    </ClCompile>
    <ClCompile Include="WriteEnable_Stack_Server_OutputRecieve.cpp">
      <Filter>Source Files</Filter>
    </ClCompile>
    <ClCompile Include="WriteEnable_Stack_Server_OutputRecieve_Control.cpp">
      <Filter>Source Files</Filter>
    </ClCompile>
    <ClCompile Include="WriteEnable_Stack_Server_OutputRecieve_Framework.cpp">
      <Filter>Source Files</Filter>
    </ClCompile>
    <ClCompile Include="WriteEnable_Stack_Server_OutputRecieve_Global.cpp">
      <Filter>Source Files</Filter>
    </ClCompile>
  </ItemGroup>
  <ItemGroup>
    <Text Include="LICENSE.txt" />
  </ItemGroup>
  <ItemGroup>
    <None Include="README.md" />
  </ItemGroup>
</Project>